
Microsoft Visual Studio Solution File, Format Version 12.00
# Visual Studio Version 16
VisualStudioVersion = 16.0.28803.202
MinimumVisualStudioVersion = 10.0.40219.1
Project("{888888A0-9F3D-457C-B088-3A5042F75D52}") = "Chatterbot env", "Chatterbot env.pyproj", "{939E08F4-C2F2-49E5-AAC0-A556B358E70A}"
EndProject
Global
	GlobalSection(SolutionConfigurationPlatforms) = preSolution
		Debug|Any CPU = Debug|Any CPU
		Release|Any CPU = Release|Any CPU
	EndGlobalSection
	GlobalSection(ProjectConfigurationPlatforms) = postSolution
		{939E08F4-C2F2-49E5-AAC0-A556B358E70A}.Debug|Any CPU.ActiveCfg = Debug|Any CPU
		{939E08F4-C2F2-49E5-AAC0-A556B358E70A}.Release|Any CPU.ActiveCfg = Release|Any CPU
	EndGlobalSection
	GlobalSection(SolutionProperties) = preSolution
		HideSolutionNode = FALSE
	EndGlobalSection
	GlobalSection(ExtensibilityGlobals) = postSolution
		SolutionGuid = {DB96EEE8-9760-4738-AE1B-C05753457DB3}
	EndGlobalSection
EndGlobal
